
Microsoft Visual Studio Solution File, Format Version 12.00
# Visual Studio 15
VisualStudioVersion = 15.0.27130.2027
MinimumVisualStudioVersion = 10.0.40219.1
Project("{FAE04EC0-301F-11D3-BF4B-00C04F79EFBC}") = "GoogleMapsUnofficial", "GoogleMapsUnofficial\GoogleMapsUnofficial.csproj", "{CAFFF532-A577-48AE-B951-98C7F3785DC8}"
EndProject
Project("{FAE04EC0-301F-11D3-BF4B-00C04F79EFBC}") = "LiveTileTask", "LiveTileTask\LiveTileTask.csproj", "{F5E2423A-05F4-4877-B31D-F3C10DF6082F}"
EndProject
Project("{FAE04EC0-301F-11D3-BF4B-00C04F79EFBC}") = "WinGoService", "WinGoService\WinGoService.csproj", "{DF428A8C-75D3-4551-9636-0AE8CB1A0FAD}"
EndProject
Project("{FAE04EC0-301F-11D3-BF4B-00C04F79EFBC}") = "LocationBasedNotify", "LocationBasedNotify\LocationBasedNotify.csproj", "{B8521593-1E8D-4345-B35B-042475F73720}"
EndProject
Project("{2150E333-8FDC-42A3-9474-1A3956D46DE8}") = "Solution Items", "Solution Items", "{EB802F83-E581-4C4B-9B16-7D00D66C9329}"
ProjectSection(SolutionItems) = preProject
GCop.json = GCop.json
EndProjectSection
EndProject

Global
	GlobalSection(SolutionConfigurationPlatforms) = preSolution
		Debug|Any CPU = Debug|Any CPU
		Debug|ARM = Debug|ARM
		Debug|x64 = Debug|x64
		Debug|x86 = Debug|x86
		Release|Any CPU = Release|Any CPU
		Release|ARM = Release|ARM
		Release|x64 = Release|x64
		Release|x86 = Release|x86
	EndGlobalSection
	GlobalSection(ProjectConfigurationPlatforms) = postSolution
		{CAFFF532-A577-48AE-B951-98C7F3785DC8}.Debug|Any CPU.ActiveCfg = Debug|x86
		{CAFFF532-A577-48AE-B951-98C7F3785DC8}.Debug|ARM.ActiveCfg = Debug|ARM
		{CAFFF532-A577-48AE-B951-98C7F3785DC8}.Debug|ARM.Build.0 = Debug|ARM
		{CAFFF532-A577-48AE-B951-98C7F3785DC8}.Debug|ARM.Deploy.0 = Debug|ARM
		{CAFFF532-A577-48AE-B951-98C7F3785DC8}.Debug|x64.ActiveCfg = Debug|x64
		{CAFFF532-A577-48AE-B951-98C7F3785DC8}.Debug|x64.Build.0 = Debug|x64
		{CAFFF532-A577-48AE-B951-98C7F3785DC8}.Debug|x64.Deploy.0 = Debug|x64
		{CAFFF532-A577-48AE-B951-98C7F3785DC8}.Debug|x86.ActiveCfg = Debug|x86
		{CAFFF532-A577-48AE-B951-98C7F3785DC8}.Debug|x86.Build.0 = Debug|x86
		{CAFFF532-A577-48AE-B951-98C7F3785DC8}.Debug|x86.Deploy.0 = Debug|x86
		{CAFFF532-A577-48AE-B951-98C7F3785DC8}.Release|Any CPU.ActiveCfg = Release|x86
		{CAFFF532-A577-48AE-B951-98C7F3785DC8}.Release|ARM.ActiveCfg = Release|ARM
		{CAFFF532-A577-48AE-B951-98C7F3785DC8}.Release|ARM.Build.0 = Release|ARM
		{CAFFF532-A577-48AE-B951-98C7F3785DC8}.Release|ARM.Deploy.0 = Release|ARM
		{CAFFF532-A577-48AE-B951-98C7F3785DC8}.Release|x64.ActiveCfg = Release|x64
		{CAFFF532-A577-48AE-B951-98C7F3785DC8}.Release|x64.Build.0 = Release|x64
		{CAFFF532-A577-48AE-B951-98C7F3785DC8}.Release|x64.Deploy.0 = Release|x64
		{CAFFF532-A577-48AE-B951-98C7F3785DC8}.Release|x86.ActiveCfg = Release|x86
		{CAFFF532-A577-48AE-B951-98C7F3785DC8}.Release|x86.Build.0 = Release|x86
		{CAFFF532-A577-48AE-B951-98C7F3785DC8}.Release|x86.Deploy.0 = Release|x86
		{F5E2423A-05F4-4877-B31D-F3C10DF6082F}.Debug|Any CPU.ActiveCfg = Debug|Any CPU
		{F5E2423A-05F4-4877-B31D-F3C10DF6082F}.Debug|Any CPU.Build.0 = Debug|Any CPU
		{F5E2423A-05F4-4877-B31D-F3C10DF6082F}.Debug|ARM.ActiveCfg = Debug|ARM
		{F5E2423A-05F4-4877-B31D-F3C10DF6082F}.Debug|ARM.Build.0 = Debug|ARM
		{F5E2423A-05F4-4877-B31D-F3C10DF6082F}.Debug|x64.ActiveCfg = Debug|x64
		{F5E2423A-05F4-4877-B31D-F3C10DF6082F}.Debug|x64.Build.0 = Debug|x64
		{F5E2423A-05F4-4877-B31D-F3C10DF6082F}.Debug|x86.ActiveCfg = Debug|x86
		{F5E2423A-05F4-4877-B31D-F3C10DF6082F}.Debug|x86.Build.0 = Debug|x86
		{F5E2423A-05F4-4877-B31D-F3C10DF6082F}.Release|Any CPU.ActiveCfg = Release|Any CPU
		{F5E2423A-05F4-4877-B31D-F3C10DF6082F}.Release|Any CPU.Build.0 = Release|Any CPU
		{F5E2423A-05F4-4877-B31D-F3C10DF6082F}.Release|ARM.ActiveCfg = Release|ARM
		{F5E2423A-05F4-4877-B31D-F3C10DF6082F}.Release|ARM.Build.0 = Release|ARM
		{F5E2423A-05F4-4877-B31D-F3C10DF6082F}.Release|x64.ActiveCfg = Release|x64
		{F5E2423A-05F4-4877-B31D-F3C10DF6082F}.Release|x64.Build.0 = Release|x64
		{F5E2423A-05F4-4877-B31D-F3C10DF6082F}.Release|x86.ActiveCfg = Release|x86
		{F5E2423A-05F4-4877-B31D-F3C10DF6082F}.Release|x86.Build.0 = Release|x86
		{DF428A8C-75D3-4551-9636-0AE8CB1A0FAD}.Debug|Any CPU.ActiveCfg = Debug|Any CPU
		{DF428A8C-75D3-4551-9636-0AE8CB1A0FAD}.Debug|Any CPU.Build.0 = Debug|Any CPU
		{DF428A8C-75D3-4551-9636-0AE8CB1A0FAD}.Debug|ARM.ActiveCfg = Debug|ARM
		{DF428A8C-75D3-4551-9636-0AE8CB1A0FAD}.Debug|ARM.Build.0 = Debug|ARM
		{DF428A8C-75D3-4551-9636-0AE8CB1A0FAD}.Debug|x64.ActiveCfg = Debug|x64
		{DF428A8C-75D3-4551-9636-0AE8CB1A0FAD}.Debug|x64.Build.0 = Debug|x64
		{DF428A8C-75D3-4551-9636-0AE8CB1A0FAD}.Debug|x86.ActiveCfg = Debug|x86
		{DF428A8C-75D3-4551-9636-0AE8CB1A0FAD}.Debug|x86.Build.0 = Debug|x86
		{DF428A8C-75D3-4551-9636-0AE8CB1A0FAD}.Release|Any CPU.ActiveCfg = Release|Any CPU
		{DF428A8C-75D3-4551-9636-0AE8CB1A0FAD}.Release|Any CPU.Build.0 = Release|Any CPU
		{DF428A8C-75D3-4551-9636-0AE8CB1A0FAD}.Release|ARM.ActiveCfg = Release|ARM
		{DF428A8C-75D3-4551-9636-0AE8CB1A0FAD}.Release|ARM.Build.0 = Release|ARM
		{DF428A8C-75D3-4551-9636-0AE8CB1A0FAD}.Release|x64.ActiveCfg = Release|x64
		{DF428A8C-75D3-4551-9636-0AE8CB1A0FAD}.Release|x64.Build.0 = Release|x64
		{DF428A8C-75D3-4551-9636-0AE8CB1A0FAD}.Release|x86.ActiveCfg = Release|x86
		{DF428A8C-75D3-4551-9636-0AE8CB1A0FAD}.Release|x86.Build.0 = Release|x86
		{B8521593-1E8D-4345-B35B-042475F73720}.Debug|Any CPU.ActiveCfg = Debug|Any CPU
		{B8521593-1E8D-4345-B35B-042475F73720}.Debug|Any CPU.Build.0 = Debug|Any CPU
		{B8521593-1E8D-4345-B35B-042475F73720}.Debug|ARM.ActiveCfg = Debug|ARM
		{B8521593-1E8D-4345-B35B-042475F73720}.Debug|ARM.Build.0 = Debug|ARM
		{B8521593-1E8D-4345-B35B-042475F73720}.Debug|x64.ActiveCfg = Debug|x64
		{B8521593-1E8D-4345-B35B-042475F73720}.Debug|x64.Build.0 = Debug|x64
		{B8521593-1E8D-4345-B35B-042475F73720}.Debug|x86.ActiveCfg = Debug|x86
		{B8521593-1E8D-4345-B35B-042475F73720}.Debug|x86.Build.0 = Debug|x86
		{B8521593-1E8D-4345-B35B-042475F73720}.Release|Any CPU.ActiveCfg = Release|Any CPU
		{B8521593-1E8D-4345-B35B-042475F73720}.Release|Any CPU.Build.0 = Release|Any CPU
		{B8521593-1E8D-4345-B35B-042475F73720}.Release|ARM.ActiveCfg = Release|ARM
		{B8521593-1E8D-4345-B35B-042475F73720}.Release|ARM.Build.0 = Release|ARM
		{B8521593-1E8D-4345-B35B-042475F73720}.Release|x64.ActiveCfg = Release|x64
		{B8521593-1E8D-4345-B35B-042475F73720}.Release|x64.Build.0 = Release|x64
		{B8521593-1E8D-4345-B35B-042475F73720}.Release|x86.ActiveCfg = Release|x86
		{B8521593-1E8D-4345-B35B-042475F73720}.Release|x86.Build.0 = Release|x86
	EndGlobalSection
	GlobalSection(SolutionProperties) = preSolution
		HideSolutionNode = FALSE
	EndGlobalSection
	GlobalSection(ExtensibilityGlobals) = postSolution
		SolutionGuid = {3D7C9A7F-2FF1-4488-975F-3B696CAC17C0}
	EndGlobalSection
EndGlobal
